
Microsoft Visual Studio Solution File, Format Version 12.00
# Visual Studio Version 16
VisualStudioVersion = 16.0.30011.22
MinimumVisualStudioVersion = 10.0.40219.1
Project("{FAE04EC0-301F-11D3-BF4B-00C04F79EFBC}") = "ShoppingApi", "ShoppingApi\ShoppingApi.csproj", "{672868E5-7EE2-4BCE-BB0B-26D8919C80B0}"
EndProject
Global
	GlobalSection(SolutionConfigurationPlatforms) = preSolution
		Debug|Any CPU = Debug|Any CPU
		Release|Any CPU = Release|Any CPU
	EndGlobalSection
	GlobalSection(ProjectConfigurationPlatforms) = postSolution
		{672868E5-7EE2-4BCE-BB0B-26D8919C80B0}.Debug|Any CPU.ActiveCfg = Debug|Any CPU
		{672868E5-7EE2-4BCE-BB0B-26D8919C80B0}.Debug|Any CPU.Build.0 = Debug|Any CPU
		{672868E5-7EE2-4BCE-BB0B-26D8919C80B0}.Release|Any CPU.ActiveCfg = Release|Any CPU
		{672868E5-7EE2-4BCE-BB0B-26D8919C80B0}.Release|Any CPU.Build.0 = Release|Any CPU
	EndGlobalSection
	GlobalSection(SolutionProperties) = preSolution
		HideSolutionNode = FALSE
	EndGlobalSection
	GlobalSection(ExtensibilityGlobals) = postSolution
		SolutionGuid = {6F27AA7C-52DC-403F-BD36-97546BB44BF6}
	EndGlobalSection
EndGlobal
